
Microsoft Visual Studio Solution File, Format Version 12.00
Project("{FAE04EC0-301F-11D3-BF4B-00C04F79EFBC}") = "CleverenceSoft", "CleverenceSoft\CleverenceSoft.csproj", "{5A93094F-6FC7-480B-B449-9615B3F1EF97}"
EndProject
Global
	GlobalSection(SolutionConfigurationPlatforms) = preSolution
		Debug|Any CPU = Debug|Any CPU
		Release|Any CPU = Release|Any CPU
	EndGlobalSection
	GlobalSection(ProjectConfigurationPlatforms) = postSolution
		{5A93094F-6FC7-480B-B449-9615B3F1EF97}.Debug|Any CPU.ActiveCfg = Debug|Any CPU
		{5A93094F-6FC7-480B-B449-9615B3F1EF97}.Debug|Any CPU.Build.0 = Debug|Any CPU
		{5A93094F-6FC7-480B-B449-9615B3F1EF97}.Release|Any CPU.ActiveCfg = Release|Any CPU
		{5A93094F-6FC7-480B-B449-9615B3F1EF97}.Release|Any CPU.Build.0 = Release|Any CPU
	EndGlobalSection
EndGlobal
